// !$*UTF8*$!
{
	archiveVersion = 1;
	classes = {
	};
	objectVersion = 46;
	objects = {

/* Begin PBXBuildFile section */
		396337241950CA6C000980F2 /* Foundation.framework in Frameworks */ = {isa = PBXBuildFile; fileRef = 396337231950CA6C000980F2 /* Foundation.framework */; };
		396337261950CA6C000980F2 /* CoreGraphics.framework in Frameworks */ = {isa = PBXBuildFile; fileRef = 396337251950CA6C000980F2 /* CoreGraphics.framework */; };
		396337281950CA6C000980F2 /* UIKit.framework in Frameworks */ = {isa = PBXBuildFile; fileRef = 396337271950CA6C000980F2 /* UIKit.framework */; };
		3963372A1950CA6C000980F2 /* SpriteKit.framework in Frameworks */ = {isa = PBXBuildFile; fileRef = 396337291950CA6C000980F2 /* SpriteKit.framework */; };
		396337301950CA6C000980F2 /* InfoPlist.strings in Resources */ = {isa = PBXBuildFile; fileRef = 3963372E1950CA6C000980F2 /* InfoPlist.strings */; };
		396337321950CA6C000980F2 /* main.m in Sources */ = {isa = PBXBuildFile; fileRef = 396337311950CA6C000980F2 /* main.m */; };
		396337361950CA6C000980F2 /* MSAppDelegate.m in Sources */ = {isa = PBXBuildFile; fileRef = 396337351950CA6C000980F2 /* MSAppDelegate.m */; };
		396337391950CA6C000980F2 /* Main.storyboard in Resources */ = {isa = PBXBuildFile; fileRef = 396337371950CA6C000980F2 /* Main.storyboard */; };
		3963373C1950CA6C000980F2 /* MSViewController.m in Sources */ = {isa = PBXBuildFile; fileRef = 3963373B1950CA6C000980F2 /* MSViewController.m */; };
		3963373F1950CA6C000980F2 /* MSMyScene.m in Sources */ = {isa = PBXBuildFile; fileRef = 3963373E1950CA6C000980F2 /* MSMyScene.m */; };
		396337431950CA6C000980F2 /* Images.xcassets in Resources */ = {isa = PBXBuildFile; fileRef = 396337421950CA6C000980F2 /* Images.xcassets */; };
		3963374A1950CA6C000980F2 /* XCTest.framework in Frameworks */ = {isa = PBXBuildFile; fileRef = 396337491950CA6C000980F2 /* XCTest.framework */; };
		3963374B1950CA6C000980F2 /* Foundation.framework in Frameworks */ = {isa = PBXBuildFile; fileRef = 396337231950CA6C000980F2 /* Foundation.framework */; };
		3963374C1950CA6C000980F2 /* UIKit.framework in Frameworks */ = {isa = PBXBuildFile; fileRef = 396337271950CA6C000980F2 /* UIKit.framework */; };
		396337541950CA6C000980F2 /* InfoPlist.strings in Resources */ = {isa = PBXBuildFile; fileRef = 396337521950CA6C000980F2 /* InfoPlist.strings */; };
		396337561950CA6C000980F2 /* Ball_ChallengeTests.m in Sources */ = {isa = PBXBuildFile; fileRef = 396337551950CA6C000980F2 /* Ball_ChallengeTests.m */; };
		396337631950E4FF000980F2 /* 8Ball@2x.png in Resources */ = {isa = PBXBuildFile; fileRef = 396337601950E4FF000980F2 /* 8Ball@2x.png */; };
		396337641950E4FF000980F2 /* BeachBall@2x.png in Resources */ = {isa = PBXBuildFile; fileRef = 396337611950E4FF000980F2 /* BeachBall@2x.png */; };
		396337671950E523000980F2 /* SoccerBall@2x.png in Resources */ = {isa = PBXBuildFile; fileRef = 396337661950E523000980F2 /* SoccerBall@2x.png */; };
/* End PBXBuildFile section */

/* Begin PBXContainerItemProxy section */
		3963374D1950CA6C000980F2 /* PBXContainerItemProxy */ = {
			isa = PBXContainerItemProxy;
			containerPortal = 396337181950CA6C000980F2 /* Project object */;
			proxyType = 1;
			remoteGlobalIDString = 3963371F1950CA6C000980F2;
			remoteInfo = "Ball Challenge";
		};
/* End PBXContainerItemProxy section */

/* Begin PBXFileReference section */
		396337201950CA6C000980F2 /* Ball Challenge.app */ = {isa = PBXFileReference; explicitFileType = wrapper.application; includeInIndex = 0; path = "Ball Challenge.app"; sourceTree = BUILT_PRODUCTS_DIR; };
		396337231950CA6C000980F2 /* Foundation.framework */ = {isa = PBXFileReference; lastKnownFileType = wrapper.framework; name = Foundation.framework; path = System/Library/Frameworks/Foundation.framework; sourceTree = SDKROOT; };
		396337251950CA6C000980F2 /* CoreGraphics.framework */ = {isa = PBXFileReference; lastKnownFileType = wrapper.framework; name = CoreGraphics.framework; path = System/Library/Frameworks/CoreGraphics.framework; sourceTree = SDKROOT; };
		396337271950CA6C000980F2 /* UIKit.framework */ = {isa = PBXFileReference; lastKnownFileType = wrapper.framework; name = UIKit.framework; path = System/Library/Frameworks/UIKit.framework; sourceTree = SDKROOT; };
		396337291950CA6C000980F2 /* SpriteKit.framework */ = {isa = PBXFileReference; lastKnownFileType = wrapper.framework; name = SpriteKit.framework; path = System/Library/Frameworks/SpriteKit.framework; sourceTree = SDKROOT; };
		3963372D1950CA6C000980F2 /* Ball Challenge-Info.plist */ = {isa = PBXFileReference; lastKnownFileType = text.plist.xml; path = "Ball Challenge-Info.plist"; sourceTree = "<group>"; };
		3963372F1950CA6C000980F2 /* en */ = {isa = PBXFileReference; lastKnownFileType = text.plist.strings; name = en; path = en.lproj/InfoPlist.strings; sourceTree = "<group>"; };
		396337311950CA6C000980F2 /* main.m */ = {isa = PBXFileReference; lastKnownFileType = sourcecode.c.objc; path = main.m; sourceTree = "<group>"; };
		396337331950CA6C000980F2 /* Ball Challenge-Prefix.pch */ = {isa = PBXFileReference; lastKnownFileType = sourcecode.c.h; path = "Ball Challenge-Prefix.pch"; sourceTree = "<group>"; };
		396337341950CA6C000980F2 /* MSAppDelegate.h */ = {isa = PBXFileReference; lastKnownFileType = sourcecode.c.h; path = MSAppDelegate.h; sourceTree = "<group>"; };
		396337351950CA6C000980F2 /* MSAppDelegate.m */ = {isa = PBXFileReference; lastKnownFileType = sourcecode.c.objc; path = MSAppDelegate.m; sourceTree = "<group>"; };
		396337381950CA6C000980F2 /* Base */ = {isa = PBXFileReference; lastKnownFileType = file.storyboard; name = Base; path = Base.lproj/Main.storyboard; sourceTree = "<group>"; };
		3963373A1950CA6C000980F2 /* MSViewController.h */ = {isa = PBXFileReference; lastKnownFileType = sourcecode.c.h; path = MSViewController.h; sourceTree = "<group>"; };
		3963373B1950CA6C000980F2 /* MSViewController.m */ = {isa = PBXFileReference; lastKnownFileType = sourcecode.c.objc; path = MSViewController.m; sourceTree = "<group>"; };
		3963373D1950CA6C000980F2 /* MSMyScene.h */ = {isa = PBXFileReference; lastKnownFileType = sourcecode.c.h; path = MSMyScene.h; sourceTree = "<group>"; };
		3963373E1950CA6C000980F2 /* MSMyScene.m */ = {isa = PBXFileReference; lastKnownFileType = sourcecode.c.objc; path = MSMyScene.m; sourceTree = "<group>"; };
		396337421950CA6C000980F2 /* Images.xcassets */ = {isa = PBXFileReference; lastKnownFileType = folder.assetcatalog; path = Images.xcassets; sourceTree = "<group>"; };
		396337481950CA6C000980F2 /* Ball ChallengeTests.xctest */ = {isa = PBXFileReference; explicitFileType = wrapper.cfbundle; includeInIndex = 0; path = "Ball ChallengeTests.xctest"; sourceTree = BUILT_PRODUCTS_DIR; };
		396337491950CA6C000980F2 /* XCTest.framework */ = {isa = PBXFileReference; lastKnownFileType = wrapper.framework; name = XCTest.framework; path = Library/Frameworks/XCTest.framework; sourceTree = DEVELOPER_DIR; };
		396337511950CA6C000980F2 /* Ball ChallengeTests-Info.plist */ = {isa = PBXFileReference; lastKnownFileType = text.plist.xml; path = "Ball ChallengeTests-Info.plist"; sourceTree = "<group>"; };
		396337531950CA6C000980F2 /* en */ = {isa = PBXFileReference; lastKnownFileType = text.plist.strings; name = en; path = en.lproj/InfoPlist.strings; sourceTree = "<group>"; };
		396337551950CA6C000980F2 /* Ball_ChallengeTests.m */ = {isa = PBXFileReference; lastKnownFileType = sourcecode.c.objc; path = Ball_ChallengeTests.m; sourceTree = "<group>"; };
		396337601950E4FF000980F2 /* 8Ball@2x.png */ = {isa = PBXFileReference; lastKnownFileType = image.png; path = "8Ball@2x.png"; sourceTree = "<group>"; };
		396337611950E4FF000980F2 /* BeachBall@2x.png */ = {isa = PBXFileReference; lastKnownFileType = image.png; path = "BeachBall@2x.png"; sourceTree = "<group>"; };
		396337661950E523000980F2 /* SoccerBall@2x.png */ = {isa = PBXFileReference; lastKnownFileType = image.png; path = "SoccerBall@2x.png"; sourceTree = "<group>"; };
/* End PBXFileReference section */

/* Begin PBXFrameworksBuildPhase section */
		3963371D1950CA6C000980F2 /* Frameworks */ = {
			isa = PBXFrameworksBuildPhase;
			buildActionMask = 2147483647;
			files = (
				396337261950CA6C000980F2 /* CoreGraphics.framework in Frameworks */,
				396337281950CA6C000980F2 /* UIKit.framework in Frameworks */,
				3963372A1950CA6C000980F2 /* SpriteKit.framework in Frameworks */,
				396337241950CA6C000980F2 /* Foundation.framework in Frameworks */,
			);
			runOnlyForDeploymentPostprocessing = 0;
		};
		396337451950CA6C000980F2 /* Frameworks */ = {
			isa = PBXFrameworksBuildPhase;
			buildActionMask = 2147483647;
			files = (
				3963374A1950CA6C000980F2 /* XCTest.framework in Frameworks */,
				3963374C1950CA6C000980F2 /* UIKit.framework in Frameworks */,
				3963374B1950CA6C000980F2 /* Foundation.framework in Frameworks */,
			);
			runOnlyForDeploymentPostprocessing = 0;
		};
/* End PBXFrameworksBuildPhase section */

/* Begin PBXGroup section */
		396337171950CA6C000980F2 = {
			isa = PBXGroup;
			children = (
				3963372B1950CA6C000980F2 /* Ball Challenge */,
				3963374F1950CA6C000980F2 /* Ball ChallengeTests */,
				396337221950CA6C000980F2 /* Frameworks */,
				396337211950CA6C000980F2 /* Products */,
			);
			sourceTree = "<group>";
		};
		396337211950CA6C000980F2 /* Products */ = {
			isa = PBXGroup;
			children = (
				396337201950CA6C000980F2 /* Ball Challenge.app */,
				396337481950CA6C000980F2 /* Ball ChallengeTests.xctest */,
			);
			name = Products;
			sourceTree = "<group>";
		};
		396337221950CA6C000980F2 /* Frameworks */ = {
			isa = PBXGroup;
			children = (
				396337231950CA6C000980F2 /* Foundation.framework */,
				396337251950CA6C000980F2 /* CoreGraphics.framework */,
				396337271950CA6C000980F2 /* UIKit.framework */,
				396337291950CA6C000980F2 /* SpriteKit.framework */,
				396337491950CA6C000980F2 /* XCTest.framework */,
			);
			name = Frameworks;
			sourceTree = "<group>";
		};
		3963372B1950CA6C000980F2 /* Ball Challenge */ = {
			isa = PBXGroup;
			children = (
				396337341950CA6C000980F2 /* MSAppDelegate.h */,
				396337351950CA6C000980F2 /* MSAppDelegate.m */,
				396337371950CA6C000980F2 /* Main.storyboard */,
				3963373A1950CA6C000980F2 /* MSViewController.h */,
				3963373B1950CA6C000980F2 /* MSViewController.m */,
				3963373D1950CA6C000980F2 /* MSMyScene.h */,
				3963373E1950CA6C000980F2 /* MSMyScene.m */,
				396337421950CA6C000980F2 /* Images.xcassets */,
				3963375F1950E4FF000980F2 /* Assets */,
				3963372C1950CA6C000980F2 /* Supporting Files */,
			);
			path = "Ball Challenge";
			sourceTree = "<group>";
		};
		3963372C1950CA6C000980F2 /* Supporting Files */ = {
			isa = PBXGroup;
			children = (
				3963372D1950CA6C000980F2 /* Ball Challenge-Info.plist */,
				3963372E1950CA6C000980F2 /* InfoPlist.strings */,
				396337311950CA6C000980F2 /* main.m */,
				396337331950CA6C000980F2 /* Ball Challenge-Prefix.pch */,
			);
			name = "Supporting Files";
			sourceTree = "<group>";
		};
		3963374F1950CA6C000980F2 /* Ball ChallengeTests */ = {
			isa = PBXGroup;
			children = (
				396337551950CA6C000980F2 /* Ball_ChallengeTests.m */,
				396337501950CA6C000980F2 /* Supporting Files */,
			);
			path = "Ball ChallengeTests";
			sourceTree = "<group>";
		};
		396337501950CA6C000980F2 /* Supporting Files */ = {
			isa = PBXGroup;
			children = (
				396337511950CA6C000980F2 /* Ball ChallengeTests-Info.plist */,
				396337521950CA6C000980F2 /* InfoPlist.strings */,
			);
			name = "Supporting Files";
			sourceTree = "<group>";
		};
		3963375F1950E4FF000980F2 /* Assets */ = {
			isa = PBXGroup;
			children = (
				396337601950E4FF000980F2 /* 8Ball@2x.png */,
				396337611950E4FF000980F2 /* BeachBall@2x.png */,
				396337661950E523000980F2 /* SoccerBall@2x.png */,
			);
			name = Assets;
			path = "ball-challenge-assets";
			sourceTree = "<group>";
		};
/* End PBXGroup section */

/* Begin PBXNativeTarget section */
		3963371F1950CA6C000980F2 /* Ball Challenge */ = {
			isa = PBXNativeTarget;
			buildConfigurationList = 396337591950CA6C000980F2 /* Build configuration list for PBXNativeTarget "Ball Challenge" */;
			buildPhases = (
				3963371C1950CA6C000980F2 /* Sources */,
				3963371D1950CA6C000980F2 /* Frameworks */,
				3963371E1950CA6C000980F2 /* Resources */,
			);
			buildRules = (
			);
			dependencies = (
			);
			name = "Ball Challenge";
			productName = "Ball Challenge";
			productReference = 396337201950CA6C000980F2 /* Ball Challenge.app */;
			productType = "com.apple.product-type.application";
		};
		396337471950CA6C000980F2 /* Ball ChallengeTests */ = {
			isa = PBXNativeTarget;
			buildConfigurationList = 3963375C1950CA6C000980F2 /* Build configuration list for PBXNativeTarget "Ball ChallengeTests" */;
			buildPhases = (
				396337441950CA6C000980F2 /* Sources */,
				396337451950CA6C000980F2 /* Frameworks */,
				396337461950CA6C000980F2 /* Resources */,
			);
			buildRules = (
			);
			dependencies = (
				3963374E1950CA6C000980F2 /* PBXTargetDependency */,
			);
			name = "Ball ChallengeTests";
			productName = "Ball ChallengeTests";
			productReference = 396337481950CA6C000980F2 /* Ball ChallengeTests.xctest */;
			productType = "com.apple.product-type.bundle.unit-test";
		};
/* End PBXNativeTarget section */

/* Begin PBXProject section */
		396337181950CA6C000980F2 /* Project object */ = {
			isa = PBXProject;
			attributes = {
				CLASSPREFIX = MS;
				LastUpgradeCheck = 0510;
				ORGANIZATIONNAME = "Miguel Serrano";
				TargetAttributes = {
					396337471950CA6C000980F2 = {
						TestTargetID = 3963371F1950CA6C000980F2;
					};
				};
			};
			buildConfigurationList = 3963371B1950CA6C000980F2 /* Build configuration list for PBXProject "Ball Challenge" */;
			compatibilityVersion = "Xcode 3.2";
			developmentRegion = English;
			hasScannedForEncodings = 0;
			knownRegions = (
				en,
				Base,
			);
			mainGroup = 396337171950CA6C000980F2;
			productRefGroup = 396337211950CA6C000980F2 /* Products */;
			projectDirPath = "";
			projectRoot = "";
			targets = (
				3963371F1950CA6C000980F2 /* Ball Challenge */,
				396337471950CA6C000980F2 /* Ball ChallengeTests */,
			);
		};
/* End PBXProject section */

/* Begin PBXResourcesBuildPhase section */
		3963371E1950CA6C000980F2 /* Resources */ = {
			isa = PBXResourcesBuildPhase;
			buildActionMask = 2147483647;
			files = (
				396337641950E4FF000980F2 /* BeachBall@2x.png in Resources */,
				396337631950E4FF000980F2 /* 8Ball@2x.png in Resources */,
				396337301950CA6C000980F2 /* InfoPlist.strings in Resources */,
				396337431950CA6C000980F2 /* Images.xcassets in Resources */,
				396337671950E523000980F2 /* SoccerBall@2x.png in Resources */,
				396337391950CA6C000980F2 /* Main.storyboard in Resources */,
			);
			runOnlyForDeploymentPostprocessing = 0;
		};
		396337461950CA6C000980F2 /* Resources */ = {
			isa = PBXResourcesBuildPhase;
			buildActionMask = 2147483647;
			files = (
				396337541950CA6C000980F2 /* InfoPlist.strings in Resources */,
			);
			runOnlyForDeploymentPostprocessing = 0;
		};
/* End PBXResourcesBuildPhase section */

/* Begin PBXSourcesBuildPhase section */
		3963371C1950CA6C000980F2 /* Sources */ = {
			isa = PBXSourcesBuildPhase;
			buildActionMask = 2147483647;
			files = (
				396337361950CA6C000980F2 /* MSAppDelegate.m in Sources */,
				3963373C1950CA6C000980F2 /* MSViewController.m in Sources */,
				3963373F1950CA6C000980F2 /* MSMyScene.m in Sources */,
				396337321950CA6C000980F2 /* main.m in Sources */,
			);
			runOnlyForDeploymentPostprocessing = 0;
		};
		396337441950CA6C000980F2 /* Sources */ = {
			isa = PBXSourcesBuildPhase;
			buildActionMask = 2147483647;
			files = (
				396337561950CA6C000980F2 /* Ball_ChallengeTests.m in Sources */,
			);
			runOnlyForDeploymentPostprocessing = 0;
		};
/* End PBXSourcesBuildPhase section */

/* Begin PBXTargetDependency section */
		3963374E1950CA6C000980F2 /* PBXTargetDependency */ = {
			isa = PBXTargetDependency;
			target = 3963371F1950CA6C000980F2 /* Ball Challenge */;
			targetProxy = 3963374D1950CA6C000980F2 /* PBXContainerItemProxy */;
		};
/* End PBXTargetDependency section */

/* Begin PBXVariantGroup section */
		3963372E1950CA6C000980F2 /* InfoPlist.strings */ = {
			isa = PBXVariantGroup;
			children = (
				3963372F1950CA6C000980F2 /* en */,
			);
			name = InfoPlist.strings;
			sourceTree = "<group>";
		};
		396337371950CA6C000980F2 /* Main.storyboard */ = {
			isa = PBXVariantGroup;
			children = (
				396337381950CA6C000980F2 /* Base */,
			);
			name = Main.storyboard;
			sourceTree = "<group>";
		};
		396337521950CA6C000980F2 /* InfoPlist.strings */ = {
			isa = PBXVariantGroup;
			children = (
				396337531950CA6C000980F2 /* en */,
			);
			name = InfoPlist.strings;
			sourceTree = "<group>";
		};
/* End PBXVariantGroup section */

/* Begin XCBuildConfiguration section */
		396337571950CA6C000980F2 /* Debug */ = {
			isa = XCBuildConfiguration;
			buildSettings = {
				ALWAYS_SEARCH_USER_PATHS = NO;
				CLANG_CXX_LANGUAGE_STANDARD = "gnu++0x";
				CLANG_CXX_LIBRARY = "libc++";
				CLANG_ENABLE_MODULES = YES;
				CLANG_ENABLE_OBJC_ARC = YES;
				CLANG_WARN_BOOL_CONVERSION = YES;
				CLANG_WARN_CONSTANT_CONVERSION = YES;
				CLANG_WARN_DIRECT_OBJC_ISA_USAGE = YES_ERROR;
				CLANG_WARN_EMPTY_BODY = YES;
				CLANG_WARN_ENUM_CONVERSION = YES;
				CLANG_WARN_INT_CONVERSION = YES;
				CLANG_WARN_OBJC_ROOT_CLASS = YES_ERROR;
				CLANG_WARN__DUPLICATE_METHOD_MATCH = YES;
				"CODE_SIGN_IDENTITY[sdk=iphoneos*]" = "iPhone Developer";
				COPY_PHASE_STRIP = NO;
				GCC_C_LANGUAGE_STANDARD = gnu99;
				GCC_DYNAMIC_NO_PIC = NO;
				GCC_OPTIMIZATION_LEVEL = 0;
				GCC_PREPROCESSOR_DEFINITIONS = (
					"DEBUG=1",
					"$(inherited)",
				);
				GCC_SYMBOLS_PRIVATE_EXTERN = NO;
				GCC_WARN_64_TO_32_BIT_CONVERSION = YES;
				GCC_WARN_ABOUT_RETURN_TYPE = YES_ERROR;
				GCC_WARN_UNDECLARED_SELECTOR = YES;
				GCC_WARN_UNINITIALIZED_AUTOS = YES_AGGRESSIVE;
				GCC_WARN_UNUSED_FUNCTION = YES;
				GCC_WARN_UNUSED_VARIABLE = YES;
				IPHONEOS_DEPLOYMENT_TARGET = 7.1;
				ONLY_ACTIVE_ARCH = YES;
				SDKROOT = iphoneos;
			};
			name = Debug;
		};
		396337581950CA6C000980F2 /* Release */ = {
			isa = XCBuildConfiguration;
			buildSettings = {
				ALWAYS_SEARCH_USER_PATHS = NO;
				CLANG_CXX_LANGUAGE_STANDARD = "gnu++0x";
				CLANG_CXX_LIBRARY = "libc++";
				CLANG_ENABLE_MODULES = YES;
				CLANG_ENABLE_OBJC_ARC = YES;
				CLANG_WARN_BOOL_CONVERSION = YES;
				CLANG_WARN_CONSTANT_CONVERSION = YES;
				CLANG_WARN_DIRECT_OBJC_ISA_USAGE = YES_ERROR;
				CLANG_WARN_EMPTY_BODY = YES;
				CLANG_WARN_ENUM_CONVERSION = YES;
				CLANG_WARN_INT_CONVERSION = YES;
				CLANG_WARN_OBJC_ROOT_CLASS = YES_ERROR;
				CLANG_WARN__DUPLICATE_METHOD_MATCH = YES;
				"CODE_SIGN_IDENTITY[sdk=iphoneos*]" = "iPhone Developer";
				COPY_PHASE_STRIP = YES;
				ENABLE_NS_ASSERTIONS = NO;
				GCC_C_LANGUAGE_STANDARD = gnu99;
				GCC_WARN_64_TO_32_BIT_CONVERSION = YES;
				GCC_WARN_ABOUT_RETURN_TYPE = YES_ERROR;
				GCC_WARN_UNDECLARED_SELECTOR = YES;
				GCC_WARN_UNINITIALIZED_AUTOS = YES_AGGRESSIVE;
				GCC_WARN_UNUSED_FUNCTION = YES;
				GCC_WARN_UNUSED_VARIABLE = YES;
				IPHONEOS_DEPLOYMENT_TARGET = 7.1;
				SDKROOT = iphoneos;
				VALIDATE_PRODUCT = YES;
			};
			name = Release;
		};
		3963375A1950CA6C000980F2 /* Debug */ = {
			isa = XCBuildConfiguration;
			buildSettings = {
				ASSETCATALOG_COMPILER_APPICON_NAME = AppIcon;
				ASSETCATALOG_COMPILER_LAUNCHIMAGE_NAME = LaunchImage;
				GCC_PRECOMPILE_PREFIX_HEADER = YES;
				GCC_PREFIX_HEADER = "Ball Challenge/Ball Challenge-Prefix.pch";
				INFOPLIST_FILE = "Ball Challenge/Ball Challenge-Info.plist";
				PRODUCT_NAME = "$(TARGET_NAME)";
				SPRITEKIT_TEXTURE_ATLAS_OUTPUT = YES;
				WRAPPER_EXTENSION = app;
			};
			name = Debug;
		};
		3963375B1950CA6C000980F2 /* Release */ = {
			isa = XCBuildConfiguration;
			buildSettings = {
				ASSETCATALOG_COMPILER_APPICON_NAME = AppIcon;
				ASSETCATALOG_COMPILER_LAUNCHIMAGE_NAME = LaunchImage;
				GCC_PRECOMPILE_PREFIX_HEADER = YES;
				GCC_PREFIX_HEADER = "Ball Challenge/Ball Challenge-Prefix.pch";
				INFOPLIST_FILE = "Ball Challenge/Ball Challenge-Info.plist";
				PRODUCT_NAME = "$(TARGET_NAME)";
				SPRITEKIT_TEXTURE_ATLAS_OUTPUT = YES;
				WRAPPER_EXTENSION = app;
			};
			name = Release;
		};
		3963375D1950CA6C000980F2 /* Debug */ = {
			isa = XCBuildConfiguration;
			buildSettings = {
				BUNDLE_LOADER = "$(BUILT_PRODUCTS_DIR)/Ball Challenge.app/Ball Challenge";
				FRAMEWORK_SEARCH_PATHS = (
					"$(SDKROOT)/Developer/Library/Frameworks",
					"$(inherited)",
					"$(DEVELOPER_FRAMEWORKS_DIR)",
				);
				GCC_PRECOMPILE_PREFIX_HEADER = YES;
				GCC_PREFIX_HEADER = "Ball Challenge/Ball Challenge-Prefix.pch";
				GCC_PREPROCESSOR_DEFINITIONS = (
					"DEBUG=1",
					"$(inherited)",
				);
				INFOPLIST_FILE = "Ball ChallengeTests/Ball ChallengeTests-Info.plist";
				PRODUCT_NAME = "$(TARGET_NAME)";
				TEST_HOST = "$(BUNDLE_LOADER)";
				WRAPPER_EXTENSION = xctest;
			};
			name = Debug;
		};
		3963375E1950CA6C000980F2 /* Release */ = {
			isa = XCBuildConfiguration;
			buildSettings = {
				BUNDLE_LOADER = "$(BUILT_PRODUCTS_DIR)/Ball Challenge.app/Ball Challenge";
				FRAMEWORK_SEARCH_PATHS = (
					"$(SDKROOT)/Developer/Library/Frameworks",
					"$(inherited)",
					"$(DEVELOPER_FRAMEWORKS_DIR)",
				);
				GCC_PRECOMPILE_PREFIX_HEADER = YES;
				GCC_PREFIX_HEADER = "Ball Challenge/Ball Challenge-Prefix.pch";
				INFOPLIST_FILE = "Ball ChallengeTests/Ball ChallengeTests-Info.plist";
				PRODUCT_NAME = "$(TARGET_NAME)";
				TEST_HOST = "$(BUNDLE_LOADER)";
				WRAPPER_EXTENSION = xctest;
			};
			name = Release;
		};
/* End XCBuildConfiguration section */

/* Begin XCConfigurationList section */
		3963371B1950CA6C000980F2 /* Build configuration list for PBXProject "Ball Challenge" */ = {
			isa = XCConfigurationList;
			buildConfigurations = (
				396337571950CA6C000980F2 /* Debug */,
				396337581950CA6C000980F2 /* Release */,
			);
			defaultConfigurationIsVisible = 0;
			defaultConfigurationName = Release;
		};
		396337591950CA6C000980F2 /* Build configuration list for PBXNativeTarget "Ball Challenge" */ = {
			isa = XCConfigurationList;
			buildConfigurations = (
				3963375A1950CA6C000980F2 /* Debug */,
				3963375B1950CA6C000980F2 /* Release */,
			);
			defaultConfigurationIsVisible = 0;
		};
		3963375C1950CA6C000980F2 /* Build configuration list for PBXNativeTarget "Ball ChallengeTests" */ = {
			isa = XCConfigurationList;
			buildConfigurations = (
				3963375D1950CA6C000980F2 /* Debug */,
				3963375E1950CA6C000980F2 /* Release */,
			);
			defaultConfigurationIsVisible = 0;
		};
/* End XCConfigurationList section */
	};
	rootObject = 396337181950CA6C000980F2 /* Project object */;
}
